
Microsoft Visual Studio Solution File, Format Version 9.00
# Visual Studio 2005
# SharpDevelop 2.2.1.2648
Project("{FAE04EC0-301F-11D3-BF4B-00C04F79EFBC}") = "b1_ADT", "b1_ADT\ADT_SD.csproj", "{6A426DC3-013E-4D38-A1AE-7BE128BF2DD7}"
EndProject
Project("{FAE04EC0-301F-11D3-BF4B-00C04F79EFBC}") = "b2_DataAccess", "b2_DataAccess\DataAccess_SD.csproj", "{3D38C64D-1118-4C16-A88E-5F2FFD6481BA}"
EndProject
Project("{FAE04EC0-301F-11D3-BF4B-00C04F79EFBC}") = "b3_Data", "b3_Data\Data_SD.csproj", "{1A0B0C1A-DBC5-4AE6-BE2E-2298135DD60C}"
EndProject
Project("{FAE04EC0-301F-11D3-BF4B-00C04F79EFBC}") = "b4_Business", "b4_Business\Business_SD.csproj", "{91CAD8B7-D505-40BE-8FAF-0597E62FF71D}"
EndProject
Project("{FAE04EC0-301F-11D3-BF4B-00C04F79EFBC}") = "b5_Presentation", "b5_Presentation\Presentation_SD.csproj", "{E05282BB-A762-4205-B420-812CECB48E5C}"
EndProject
Project("{FAE04EC0-301F-11D3-BF4B-00C04F79EFBC}") = "b91_QuantProject", "b91_QuantProject\QuantProject_SD.csproj", "{50E9AF80-5E82-4872-99EA-717A91993B08}"
EndProject
Project("{FAE04EC0-301F-11D3-BF4B-00C04F79EFBC}") = "b7_Scripts", "b7_Scripts\Scripts_SD.csproj", "{B5AAC5AA-DCC1-4698-A362-D399AB9A90C4}"
EndProject
Global
	GlobalSection(SolutionConfigurationPlatforms) = preSolution
		Debug|Any CPU = Debug|Any CPU
		Release|Any CPU = Release|Any CPU
	EndGlobalSection
	GlobalSection(ProjectConfigurationPlatforms) = postSolution
		{B5AAC5AA-DCC1-4698-A362-D399AB9A90C4}.Debug|Any CPU.Build.0 = Debug|Any CPU
		{B5AAC5AA-DCC1-4698-A362-D399AB9A90C4}.Debug|Any CPU.ActiveCfg = Debug|Any CPU
		{B5AAC5AA-DCC1-4698-A362-D399AB9A90C4}.Release|Any CPU.Build.0 = Release|Any CPU
		{B5AAC5AA-DCC1-4698-A362-D399AB9A90C4}.Release|Any CPU.ActiveCfg = Release|Any CPU
		{50E9AF80-5E82-4872-99EA-717A91993B08}.Debug|Any CPU.Build.0 = Debug|Any CPU
		{50E9AF80-5E82-4872-99EA-717A91993B08}.Debug|Any CPU.ActiveCfg = Debug|Any CPU
		{50E9AF80-5E82-4872-99EA-717A91993B08}.Release|Any CPU.Build.0 = Release|Any CPU
		{50E9AF80-5E82-4872-99EA-717A91993B08}.Release|Any CPU.ActiveCfg = Release|Any CPU
		{E05282BB-A762-4205-B420-812CECB48E5C}.Debug|Any CPU.Build.0 = Debug|Any CPU
		{E05282BB-A762-4205-B420-812CECB48E5C}.Debug|Any CPU.ActiveCfg = Debug|Any CPU
		{E05282BB-A762-4205-B420-812CECB48E5C}.Release|Any CPU.Build.0 = Release|Any CPU
		{E05282BB-A762-4205-B420-812CECB48E5C}.Release|Any CPU.ActiveCfg = Release|Any CPU
		{91CAD8B7-D505-40BE-8FAF-0597E62FF71D}.Debug|Any CPU.Build.0 = Debug|Any CPU
		{91CAD8B7-D505-40BE-8FAF-0597E62FF71D}.Debug|Any CPU.ActiveCfg = Debug|Any CPU
		{91CAD8B7-D505-40BE-8FAF-0597E62FF71D}.Release|Any CPU.Build.0 = Release|Any CPU
		{91CAD8B7-D505-40BE-8FAF-0597E62FF71D}.Release|Any CPU.ActiveCfg = Release|Any CPU
		{1A0B0C1A-DBC5-4AE6-BE2E-2298135DD60C}.Debug|Any CPU.Build.0 = Debug|Any CPU
		{1A0B0C1A-DBC5-4AE6-BE2E-2298135DD60C}.Debug|Any CPU.ActiveCfg = Debug|Any CPU
		{1A0B0C1A-DBC5-4AE6-BE2E-2298135DD60C}.Release|Any CPU.Build.0 = Release|Any CPU
		{1A0B0C1A-DBC5-4AE6-BE2E-2298135DD60C}.Release|Any CPU.ActiveCfg = Release|Any CPU
		{3D38C64D-1118-4C16-A88E-5F2FFD6481BA}.Debug|Any CPU.Build.0 = Debug|Any CPU
		{3D38C64D-1118-4C16-A88E-5F2FFD6481BA}.Debug|Any CPU.ActiveCfg = Debug|Any CPU
		{3D38C64D-1118-4C16-A88E-5F2FFD6481BA}.Release|Any CPU.Build.0 = Release|Any CPU
		{3D38C64D-1118-4C16-A88E-5F2FFD6481BA}.Release|Any CPU.ActiveCfg = Release|Any CPU
		{6A426DC3-013E-4D38-A1AE-7BE128BF2DD7}.Debug|Any CPU.Build.0 = Debug|Any CPU
		{6A426DC3-013E-4D38-A1AE-7BE128BF2DD7}.Debug|Any CPU.ActiveCfg = Debug|Any CPU
		{6A426DC3-013E-4D38-A1AE-7BE128BF2DD7}.Release|Any CPU.Build.0 = Release|Any CPU
		{6A426DC3-013E-4D38-A1AE-7BE128BF2DD7}.Release|Any CPU.ActiveCfg = Release|Any CPU
	EndGlobalSection
EndGlobal
